PODS:
  - Expecta (1.0.6)
  - KVOController (1.2.0)
  - Specta (1.0.7)
  - Vango (0.1.0):
    - KVOController
  - VGPlayerKit (0.1.0):
    - Vango

DEPENDENCIES:
  - Expecta
  - Specta
  - Vango (from `../Vango`)
  - VGPlayerKit (from `../VGPlayerKit`)

SPEC REPOS:
  trunk:
    - Expecta
    - KVOController
    - Specta

EXTERNAL SOURCES:
  Vango:
    :path: "../Vango"
  VGPlayerKit:
    :path: "../VGPlayerKit"

SPEC CHECKSUMS:
  Expecta: 3b6bd90a64b9a1dcb0b70aa0e10a7f8f631667d5
  KVOController: d72ace34afea42468329623b3379ab3cd1d286b6
  Specta: 3e1bd89c3517421982dc4d1c992503e48bd5fe66
  Vango: 960ca45e7e446bb47733ccec78038fa7909f0a2b
  VGPlayerKit: b8c8a3e32431d194786e3e7cad045882c1b3d19c

PODFILE CHECKSUM: c2cfd4e432a752e3536157f40950feb18243f611

COCOAPODS: 1.10.0
